
Microsoft Visual Studio Solution File, Format Version 12.00
# Visual Studio 15
VisualStudioVersion = 15.0.27703.2026
MinimumVisualStudioVersion = 10.0.40219.1
Project("{FAE04EC0-301F-11D3-BF4B-00C04F79EFBC}") = "CyberMiner", "CyberMiner\CyberMiner.csproj", "{49D518F2-0397-4316-9AC4-D809CB1E4E2F}"
EndProject
Project("{FAE04EC0-301F-11D3-BF4B-00C04F79EFBC}") = "CyberMinerSearch", "CyberMinerSearch\CyberMinerSearch.csproj", "{33AC0DEA-5CDB-4036-8377-40FE1AC329A5}"
EndProject
Global
	GlobalSection(SolutionConfigurationPlatforms) = preSolution
		Debug|Any CPU = Debug|Any CPU
		Release|Any CPU = Release|Any CPU
	EndGlobalSection
	GlobalSection(ProjectConfigurationPlatforms) = postSolution
		{49D518F2-0397-4316-9AC4-D809CB1E4E2F}.Debug|Any CPU.ActiveCfg = Debug|Any CPU
		{49D518F2-0397-4316-9AC4-D809CB1E4E2F}.Debug|Any CPU.Build.0 = Debug|Any CPU
		{49D518F2-0397-4316-9AC4-D809CB1E4E2F}.Release|Any CPU.ActiveCfg = Release|Any CPU
		{49D518F2-0397-4316-9AC4-D809CB1E4E2F}.Release|Any CPU.Build.0 = Release|Any CPU
		{33AC0DEA-5CDB-4036-8377-40FE1AC329A5}.Debug|Any CPU.ActiveCfg = Debug|Any CPU
		{33AC0DEA-5CDB-4036-8377-40FE1AC329A5}.Debug|Any CPU.Build.0 = Debug|Any CPU
		{33AC0DEA-5CDB-4036-8377-40FE1AC329A5}.Release|Any CPU.ActiveCfg = Release|Any CPU
		{33AC0DEA-5CDB-4036-8377-40FE1AC329A5}.Release|Any CPU.Build.0 = Release|Any CPU
	EndGlobalSection
	GlobalSection(SolutionProperties) = preSolution
		HideSolutionNode = FALSE
	EndGlobalSection
	GlobalSection(ExtensibilityGlobals) = postSolution
		SolutionGuid = {FB5B6BB5-3399-4971-8AA4-6DA5F7899451}
	EndGlobalSection
EndGlobal
